// !$*UTF8*$!
{
	archiveVersion = 1;
	classes = {
	};
	objectVersion = 77;
	objects = {

/* Begin PBXBuildFile section */
		62D89CD22D63C51B005A19A4 /* WidgetKit.framework in Frameworks */ = {isa = PBXBuildFile; fileRef = 62D89CB32D63C1AD005A19A4 /* WidgetKit.framework */; };
		62D89CD32D63C51B005A19A4 /* SwiftUI.framework in Frameworks */ = {isa = PBXBuildFile; fileRef = 62D89CB52D63C1AE005A19A4 /* SwiftUI.framework */; };
		62D89CE42D63C51C005A19A4 /* Bible Reading Plan WidgetExtension.appex in Embed Foundation Extensions */ = {isa = PBXBuildFile; fileRef = 62D89CD12D63C51B005A19A4 /* Bible Reading Plan WidgetExtension.appex */; settings = {ATTRIBUTES = (RemoveHeadersOnCopy, ); }; };
/* End PBXBuildFile section */

/* Begin PBXContainerItemProxy section */
		62D89CE22D63C51C005A19A4 /* PBXContainerItemProxy */ = {
			isa = PBXContainerItemProxy;
			containerPortal = 62E012002D63A8BC0078DD7F /* Project object */;
			proxyType = 1;
			remoteGlobalIDString = 62D89CD02D63C51B005A19A4;
			remoteInfo = "Bible Reading Plan WidgetExtension";
		};
		62E012192D63A8BE0078DD7F /* PBXContainerItemProxy */ = {
			isa = PBXContainerItemProxy;
			containerPortal = 62E012002D63A8BC0078DD7F /* Project object */;
			proxyType = 1;
			remoteGlobalIDString = 62E012072D63A8BC0078DD7F;
			remoteInfo = "Bible Reading Plan";
		};
		62E012232D63A8BE0078DD7F /* PBXContainerItemProxy */ = {
			isa = PBXContainerItemProxy;
			containerPortal = 62E012002D63A8BC0078DD7F /* Project object */;
			proxyType = 1;
			remoteGlobalIDString = 62E012072D63A8BC0078DD7F;
			remoteInfo = "Bible Reading Plan";
		};
/* End PBXContainerItemProxy section */

/* Begin PBXCopyFilesBuildPhase section */
		62D89CC82D63C1AF005A19A4 /* Embed Foundation Extensions */ = {
			isa = PBXCopyFilesBuildPhase;
			buildActionMask = 2147483647;
			dstPath = "";
			dstSubfolderSpec = 13;
			files = (
				62D89CE42D63C51C005A19A4 /* Bible Reading Plan WidgetExtension.appex in Embed Foundation Extensions */,
			);
			name = "Embed Foundation Extensions";
			runOnlyForDeploymentPostprocessing = 0;
		};
/* End PBXCopyFilesBuildPhase section */

/* Begin PBXFileReference section */
		62D89CB32D63C1AD005A19A4 /* WidgetKit.framework */ = {isa = PBXFileReference; lastKnownFileType = wrapper.framework; name = WidgetKit.framework; path = System/Library/Frameworks/WidgetKit.framework; sourceTree = SDKROOT; };
		62D89CB52D63C1AE005A19A4 /* SwiftUI.framework */ = {isa = PBXFileReference; lastKnownFileType = wrapper.framework; name = SwiftUI.framework; path = System/Library/Frameworks/SwiftUI.framework; sourceTree = SDKROOT; };
		62D89CD12D63C51B005A19A4 /* Bible Reading Plan WidgetExtension.appex */ = {isa = PBXFileReference; explicitFileType = "wrapper.app-extension"; includeInIndex = 0; path = "Bible Reading Plan WidgetExtension.appex"; sourceTree = BUILT_PRODUCTS_DIR; };
		62E012082D63A8BC0078DD7F /* Bible Reading Plan.app */ = {isa = PBXFileReference; explicitFileType = wrapper.application; includeInIndex = 0; path = "Bible Reading Plan.app"; sourceTree = BUILT_PRODUCTS_DIR; };
		62E012182D63A8BE0078DD7F /* Bible Reading PlanTests.xctest */ = {isa = PBXFileReference; explicitFileType = wrapper.cfbundle; includeInIndex = 0; path = "Bible Reading PlanTests.xctest"; sourceTree = BUILT_PRODUCTS_DIR; };
		62E012222D63A8BE0078DD7F /* Bible Reading PlanUITests.xctest */ = {isa = PBXFileReference; explicitFileType = wrapper.cfbundle; includeInIndex = 0; path = "Bible Reading PlanUITests.xctest"; sourceTree = BUILT_PRODUCTS_DIR; };
/* End PBXFileReference section */

/* Begin PBXFileSystemSynchronizedBuildFileExceptionSet section */
		62D89CE52D63C51C005A19A4 /* Exceptions for "Bible Reading Plan Widget" folder in "Bible Reading Plan WidgetExtension" target */ = {
			isa = PBXFileSystemSynchronizedBuildFileExceptionSet;
			membershipExceptions = (
				Info.plist,
			);
			target = 62D89CD02D63C51B005A19A4 /* Bible Reading Plan WidgetExtension */;
		};
		62F8FA3C2D64FF740028619B /* Exceptions for "Bible Reading Plan" folder in "Bible Reading Plan WidgetExtension" target */ = {
			isa = PBXFileSystemSynchronizedBuildFileExceptionSet;
			membershipExceptions = (
				Models/ReadingPlan.swift,
				Resources/BookMap.swift,
				Resources/ReadingPlans.json,
				Services/ReadingPlanService.swift,
			);
			target = 62D89CD02D63C51B005A19A4 /* Bible Reading Plan WidgetExtension */;
		};
/* End PBXFileSystemSynchronizedBuildFileExceptionSet section */

/* Begin PBXFileSystemSynchronizedRootGroup section */
		62D89CD42D63C51B005A19A4 /* Bible Reading Plan Widget */ = {
			isa = PBXFileSystemSynchronizedRootGroup;
			exceptions = (
				62D89CE52D63C51C005A19A4 /* Exceptions for "Bible Reading Plan Widget" folder in "Bible Reading Plan WidgetExtension" target */,
			);
			path = "Bible Reading Plan Widget";
			sourceTree = "<group>";
		};
		62E0120A2D63A8BC0078DD7F /* Bible Reading Plan */ = {
			isa = PBXFileSystemSynchronizedRootGroup;
			exceptions = (
				62F8FA3C2D64FF740028619B /* Exceptions for "Bible Reading Plan" folder in "Bible Reading Plan WidgetExtension" target */,
			);
			path = "Bible Reading Plan";
			sourceTree = "<group>";
		};
		62E0121B2D63A8BE0078DD7F /* Bible Reading PlanTests */ = {
			isa = PBXFileSystemSynchronizedRootGroup;
			path = "Bible Reading PlanTests";
			sourceTree = "<group>";
		};
		62E012252D63A8BE0078DD7F /* Bible Reading PlanUITests */ = {
			isa = PBXFileSystemSynchronizedRootGroup;
			path = "Bible Reading PlanUITests";
			sourceTree = "<group>";
		};
/* End PBXFileSystemSynchronizedRootGroup section */

/* Begin PBXFrameworksBuildPhase section */
		62D89CCE2D63C51B005A19A4 /* Frameworks */ = {
			isa = PBXFrameworksBuildPhase;
			buildActionMask = 2147483647;
			files = (
				62D89CD32D63C51B005A19A4 /* SwiftUI.framework in Frameworks */,
				62D89CD22D63C51B005A19A4 /* WidgetKit.framework in Frameworks */,
			);
			runOnlyForDeploymentPostprocessing = 0;
		};
		62E012052D63A8BC0078DD7F /* Frameworks */ = {
			isa = PBXFrameworksBuildPhase;
			buildActionMask = 2147483647;
			files = (
			);
			runOnlyForDeploymentPostprocessing = 0;
		};
		62E012152D63A8BE0078DD7F /* Frameworks */ = {
			isa = PBXFrameworksBuildPhase;
			buildActionMask = 2147483647;
			files = (
			);
			runOnlyForDeploymentPostprocessing = 0;
		};
		62E0121F2D63A8BE0078DD7F /* Frameworks */ = {
			isa = PBXFrameworksBuildPhase;
			buildActionMask = 2147483647;
			files = (
			);
			runOnlyForDeploymentPostprocessing = 0;
		};
/* End PBXFrameworksBuildPhase section */

/* Begin PBXGroup section */
		62D89CB22D63C1AD005A19A4 /* Frameworks */ = {
			isa = PBXGroup;
			children = (
				62D89CB32D63C1AD005A19A4 /* WidgetKit.framework */,
				62D89CB52D63C1AE005A19A4 /* SwiftUI.framework */,
			);
			name = Frameworks;
			sourceTree = "<group>";
		};
		62E011FF2D63A8BC0078DD7F = {
			isa = PBXGroup;
			children = (
				62E0120A2D63A8BC0078DD7F /* Bible Reading Plan */,
				62E0121B2D63A8BE0078DD7F /* Bible Reading PlanTests */,
				62E012252D63A8BE0078DD7F /* Bible Reading PlanUITests */,
				62D89CD42D63C51B005A19A4 /* Bible Reading Plan Widget */,
				62D89CB22D63C1AD005A19A4 /* Frameworks */,
				62E012092D63A8BC0078DD7F /* Products */,
			);
			sourceTree = "<group>";
		};
		62E012092D63A8BC0078DD7F /* Products */ = {
			isa = PBXGroup;
			children = (
				62E012082D63A8BC0078DD7F /* Bible Reading Plan.app */,
				62E012182D63A8BE0078DD7F /* Bible Reading PlanTests.xctest */,
				62E012222D63A8BE0078DD7F /* Bible Reading PlanUITests.xctest */,
				62D89CD12D63C51B005A19A4 /* Bible Reading Plan WidgetExtension.appex */,
			);
			name = Products;
			sourceTree = "<group>";
		};
/* End PBXGroup section */

/* Begin PBXNativeTarget section */
		62D89CD02D63C51B005A19A4 /* Bible Reading Plan WidgetExtension */ = {
			isa = PBXNativeTarget;
			buildConfigurationList = 62D89CE62D63C51C005A19A4 /* Build configuration list for PBXNativeTarget "Bible Reading Plan WidgetExtension" */;
			buildPhases = (
				62D89CCD2D63C51B005A19A4 /* Sources */,
				62D89CCE2D63C51B005A19A4 /* Frameworks */,
				62D89CCF2D63C51B005A19A4 /* Resources */,
			);
			buildRules = (
			);
			dependencies = (
			);
			fileSystemSynchronizedGroups = (
				62D89CD42D63C51B005A19A4 /* Bible Reading Plan Widget */,
			);
			name = "Bible Reading Plan WidgetExtension";
			packageProductDependencies = (
			);
			productName = "Bible Reading Plan WidgetExtension";
			productReference = 62D89CD12D63C51B005A19A4 /* Bible Reading Plan WidgetExtension.appex */;
			productType = "com.apple.product-type.app-extension";
		};
		62E012072D63A8BC0078DD7F /* Bible Reading Plan */ = {
			isa = PBXNativeTarget;
			buildConfigurationList = 62E0122C2D63A8BE0078DD7F /* Build configuration list for PBXNativeTarget "Bible Reading Plan" */;
			buildPhases = (
				62E012042D63A8BC0078DD7F /* Sources */,
				62E012052D63A8BC0078DD7F /* Frameworks */,
				62E012062D63A8BC0078DD7F /* Resources */,
				62D89CC82D63C1AF005A19A4 /* Embed Foundation Extensions */,
			);
			buildRules = (
			);
			dependencies = (
				62D89CE32D63C51C005A19A4 /* PBXTargetDependency */,
			);
			fileSystemSynchronizedGroups = (
				62E0120A2D63A8BC0078DD7F /* Bible Reading Plan */,
			);
			name = "Bible Reading Plan";
			packageProductDependencies = (
			);
			productName = "Bible Reading Plan";
			productReference = 62E012082D63A8BC0078DD7F /* Bible Reading Plan.app */;
			productType = "com.apple.product-type.application";
		};
		62E012172D63A8BE0078DD7F /* Bible Reading PlanTests */ = {
			isa = PBXNativeTarget;
			buildConfigurationList = 62E0122F2D63A8BE0078DD7F /* Build configuration list for PBXNativeTarget "Bible Reading PlanTests" */;
			buildPhases = (
				62E012142D63A8BE0078DD7F /* Sources */,
				62E012152D63A8BE0078DD7F /* Frameworks */,
				62E012162D63A8BE0078DD7F /* Resources */,
			);
			buildRules = (
			);
			dependencies = (
				62E0121A2D63A8BE0078DD7F /* PBXTargetDependency */,
			);
			fileSystemSynchronizedGroups = (
				62E0121B2D63A8BE0078DD7F /* Bible Reading PlanTests */,
			);
			name = "Bible Reading PlanTests";
			packageProductDependencies = (
			);
			productName = "Bible Reading PlanTests";
			productReference = 62E012182D63A8BE0078DD7F /* Bible Reading PlanTests.xctest */;
			productType = "com.apple.product-type.bundle.unit-test";
		};
		62E012212D63A8BE0078DD7F /* Bible Reading PlanUITests */ = {
			isa = PBXNativeTarget;
			buildConfigurationList = 62E012322D63A8BE0078DD7F /* Build configuration list for PBXNativeTarget "Bible Reading PlanUITests" */;
			buildPhases = (
				62E0121E2D63A8BE0078DD7F /* Sources */,
				62E0121F2D63A8BE0078DD7F /* Frameworks */,
				62E012202D63A8BE0078DD7F /* Resources */,
			);
			buildRules = (
			);
			dependencies = (
				62E012242D63A8BE0078DD7F /* PBXTargetDependency */,
			);
			fileSystemSynchronizedGroups = (
				62E012252D63A8BE0078DD7F /* Bible Reading PlanUITests */,
			);
			name = "Bible Reading PlanUITests";
			packageProductDependencies = (
			);
			productName = "Bible Reading PlanUITests";
			productReference = 62E012222D63A8BE0078DD7F /* Bible Reading PlanUITests.xctest */;
			productType = "com.apple.product-type.bundle.ui-testing";
		};
/* End PBXNativeTarget section */

/* Begin PBXProject section */
		62E012002D63A8BC0078DD7F /* Project object */ = {
			isa = PBXProject;
			attributes = {
				BuildIndependentTargetsInParallel = 1;
				LastSwiftUpdateCheck = 1620;
				LastUpgradeCheck = 1620;
				TargetAttributes = {
					62D89CD02D63C51B005A19A4 = {
						CreatedOnToolsVersion = 16.2;
					};
					62E012072D63A8BC0078DD7F = {
						CreatedOnToolsVersion = 16.2;
					};
					62E012172D63A8BE0078DD7F = {
						CreatedOnToolsVersion = 16.2;
						TestTargetID = 62E012072D63A8BC0078DD7F;
					};
					62E012212D63A8BE0078DD7F = {
						CreatedOnToolsVersion = 16.2;
						TestTargetID = 62E012072D63A8BC0078DD7F;
					};
				};
			};
			buildConfigurationList = 62E012032D63A8BC0078DD7F /* Build configuration list for PBXProject "Bible Reading Plan" */;
			developmentRegion = en;
			hasScannedForEncodings = 0;
			knownRegions = (
				en,
				Base,
			);
			mainGroup = 62E011FF2D63A8BC0078DD7F;
			minimizedProjectReferenceProxies = 1;
			preferredProjectObjectVersion = 77;
			productRefGroup = 62E012092D63A8BC0078DD7F /* Products */;
			projectDirPath = "";
			projectRoot = "";
			targets = (
				62E012072D63A8BC0078DD7F /* Bible Reading Plan */,
				62E012172D63A8BE0078DD7F /* Bible Reading PlanTests */,
				62E012212D63A8BE0078DD7F /* Bible Reading PlanUITests */,
				62D89CD02D63C51B005A19A4 /* Bible Reading Plan WidgetExtension */,
			);
		};
/* End PBXProject section */

/* Begin PBXResourcesBuildPhase section */
		62D89CCF2D63C51B005A19A4 /* Resources */ = {
			isa = PBXResourcesBuildPhase;
			buildActionMask = 2147483647;
			files = (
			);
			runOnlyForDeploymentPostprocessing = 0;
		};
		62E012062D63A8BC0078DD7F /* Resources */ = {
			isa = PBXResourcesBuildPhase;
			buildActionMask = 2147483647;
			files = (
			);
			runOnlyForDeploymentPostprocessing = 0;
		};
		62E012162D63A8BE0078DD7F /* Resources */ = {
			isa = PBXResourcesBuildPhase;
			buildActionMask = 2147483647;
			files = (
			);
			runOnlyForDeploymentPostprocessing = 0;
		};
		62E012202D63A8BE0078DD7F /* Resources */ = {
			isa = PBXResourcesBuildPhase;
			buildActionMask = 2147483647;
			files = (
			);
			runOnlyForDeploymentPostprocessing = 0;
		};
/* End PBXResourcesBuildPhase section */

/* Begin PBXSourcesBuildPhase section */
		62D89CCD2D63C51B005A19A4 /* Sources */ = {
			isa = PBXSourcesBuildPhase;
			buildActionMask = 2147483647;
			files = (
			);
			runOnlyForDeploymentPostprocessing = 0;
		};
		62E012042D63A8BC0078DD7F /* Sources */ = {
			isa = PBXSourcesBuildPhase;
			buildActionMask = 2147483647;
			files = (
			);
			runOnlyForDeploymentPostprocessing = 0;
		};
		62E012142D63A8BE0078DD7F /* Sources */ = {
			isa = PBXSourcesBuildPhase;
			buildActionMask = 2147483647;
			files = (
			);
			runOnlyForDeploymentPostprocessing = 0;
		};
		62E0121E2D63A8BE0078DD7F /* Sources */ = {
			isa = PBXSourcesBuildPhase;
			buildActionMask = 2147483647;
			files = (
			);
			runOnlyForDeploymentPostprocessing = 0;
		};
/* End PBXSourcesBuildPhase section */

/* Begin PBXTargetDependency section */
		62D89CE32D63C51C005A19A4 /* PBXTargetDependency */ = {
			isa = PBXTargetDependency;
			target = 62D89CD02D63C51B005A19A4 /* Bible Reading Plan WidgetExtension */;
			targetProxy = 62D89CE22D63C51C005A19A4 /* PBXContainerItemProxy */;
		};
		62E0121A2D63A8BE0078DD7F /* PBXTargetDependency */ = {
			isa = PBXTargetDependency;
			target = 62E012072D63A8BC0078DD7F /* Bible Reading Plan */;
			targetProxy = 62E012192D63A8BE0078DD7F /* PBXContainerItemProxy */;
		};
		62E012242D63A8BE0078DD7F /* PBXTargetDependency */ = {
			isa = PBXTargetDependency;
			target = 62E012072D63A8BC0078DD7F /* Bible Reading Plan */;
			targetProxy = 62E012232D63A8BE0078DD7F /* PBXContainerItemProxy */;
		};
/* End PBXTargetDependency section */

/* Begin XCBuildConfiguration section */
		62D89CE72D63C51C005A19A4 /* Debug */ = {
			isa = XCBuildConfiguration;
			buildSettings = {
				ASSETCATALOG_COMPILER_GLOBAL_ACCENT_COLOR_NAME = AccentColor;
				ASSETCATALOG_COMPILER_WIDGET_BACKGROUND_COLOR_NAME = WidgetBackground;
				CODE_SIGN_ENTITLEMENTS = "Bible Reading Plan WidgetExtension.entitlements";
				CODE_SIGN_STYLE = Automatic;
				CURRENT_PROJECT_VERSION = 1;
				DEVELOPMENT_TEAM = MVM4SNA9YU;
				GENERATE_INFOPLIST_FILE = YES;
				INFOPLIST_FILE = "Bible Reading Plan Widget/Info.plist";
				INFOPLIST_KEY_CFBundleDisplayName = "Bible Reading Plan Widget";
				INFOPLIST_KEY_NSHumanReadableCopyright = "";
				IPHONEOS_DEPLOYMENT_TARGET = 18.2;
				LD_RUNPATH_SEARCH_PATHS = (
					"$(inherited)",
					"@executable_path/Frameworks",
					"@executable_path/../../Frameworks",
				);
				MARKETING_VERSION = 2.0;
				PRODUCT_BUNDLE_IDENTIFIER = "mattgreat.house.Bible-Reading-Plan.Widget";
				PRODUCT_NAME = "$(TARGET_NAME)";
				SKIP_INSTALL = YES;
				SWIFT_EMIT_LOC_STRINGS = YES;
				SWIFT_VERSION = 5.0;
				TARGETED_DEVICE_FAMILY = "1,2";
			};
			name = Debug;
		};
		62D89CE82D63C51C005A19A4 /* Release */ = {
			isa = XCBuildConfiguration;
			buildSettings = {
				ASSETCATALOG_COMPILER_GLOBAL_ACCENT_COLOR_NAME = AccentColor;
				ASSETCATALOG_COMPILER_WIDGET_BACKGROUND_COLOR_NAME = WidgetBackground;
				CODE_SIGN_ENTITLEMENTS = "Bible Reading Plan WidgetExtension.entitlements";
				CODE_SIGN_STYLE = Automatic;
				CURRENT_PROJECT_VERSION = 1;
				DEVELOPMENT_TEAM = MVM4SNA9YU;
				GENERATE_INFOPLIST_FILE = YES;
				INFOPLIST_FILE = "Bible Reading Plan Widget/Info.plist";
				INFOPLIST_KEY_CFBundleDisplayName = "Bible Reading Plan Widget";
				INFOPLIST_KEY_NSHumanReadableCopyright = "";
				IPHONEOS_DEPLOYMENT_TARGET = 18.2;
				LD_RUNPATH_SEARCH_PATHS = (
					"$(inherited)",
					"@executable_path/Frameworks",
					"@executable_path/../../Frameworks",
				);
				MARKETING_VERSION = 2.0;
				PRODUCT_BUNDLE_IDENTIFIER = "mattgreat.house.Bible-Reading-Plan.Widget";
				PRODUCT_NAME = "$(TARGET_NAME)";
				SKIP_INSTALL = YES;
				SWIFT_EMIT_LOC_STRINGS = YES;
				SWIFT_VERSION = 5.0;
				TARGETED_DEVICE_FAMILY = "1,2";
			};
			name = Release;
		};
		62E0122A2D63A8BE0078DD7F /* Debug */ = {
			isa = XCBuildConfiguration;
			buildSettings = {
				ALWAYS_SEARCH_USER_PATHS = NO;
				ASSETCATALOG_COMPILER_GENERATE_SWIFT_ASSET_SYMBOL_EXTENSIONS = YES;
				CLANG_ANALYZER_NONNULL = YES;
				CLANG_ANALYZER_NUMBER_OBJECT_CONVERSION = YES_AGGRESSIVE;
				CLANG_CXX_LANGUAGE_STANDARD = "gnu++20";
				CLANG_ENABLE_MODULES = YES;
				CLANG_ENABLE_OBJC_ARC = YES;
				CLANG_ENABLE_OBJC_WEAK = YES;
				CLANG_WARN_BLOCK_CAPTURE_AUTORELEASING = YES;
				CLANG_WARN_BOOL_CONVERSION = YES;
				CLANG_WARN_COMMA = YES;
				CLANG_WARN_CONSTANT_CONVERSION = YES;
				CLANG_WARN_DEPRECATED_OBJC_IMPLEMENTATIONS = YES;
				CLANG_WARN_DIRECT_OBJC_ISA_USAGE = YES_ERROR;
				CLANG_WARN_DOCUMENTATION_COMMENTS = YES;
				CLANG_WARN_EMPTY_BODY = YES;
				CLANG_WARN_ENUM_CONVERSION = YES;
				CLANG_WARN_INFINITE_RECURSION = YES;
				CLANG_WARN_INT_CONVERSION = YES;
				CLANG_WARN_NON_LITERAL_NULL_CONVERSION = YES;
				CLANG_WARN_OBJC_IMPLICIT_RETAIN_SELF = YES;
				CLANG_WARN_OBJC_LITERAL_CONVERSION = YES;
				CLANG_WARN_OBJC_ROOT_CLASS = YES_ERROR;
				CLANG_WARN_QUOTED_INCLUDE_IN_FRAMEWORK_HEADER = YES;
				CLANG_WARN_RANGE_LOOP_ANALYSIS = YES;
				CLANG_WARN_STRICT_PROTOTYPES = YES;
				CLANG_WARN_SUSPICIOUS_MOVE = YES;
				CLANG_WARN_UNGUARDED_AVAILABILITY = YES_AGGRESSIVE;
				CLANG_WARN_UNREACHABLE_CODE = YES;
				CLANG_WARN__DUPLICATE_METHOD_MATCH = YES;
				COPY_PHASE_STRIP = NO;
				DEBUG_INFORMATION_FORMAT = dwarf;
				ENABLE_STRICT_OBJC_MSGSEND = YES;
				ENABLE_TESTABILITY = YES;
				ENABLE_USER_SCRIPT_SANDBOXING = YES;
				GCC_C_LANGUAGE_STANDARD = gnu17;
				GCC_DYNAMIC_NO_PIC = NO;
				GCC_NO_COMMON_BLOCKS = YES;
				GCC_OPTIMIZATION_LEVEL = 0;
				GCC_PREPROCESSOR_DEFINITIONS = (
					"DEBUG=1",
					"$(inherited)",
				);
				GCC_WARN_64_TO_32_BIT_CONVERSION = YES;
				GCC_WARN_ABOUT_RETURN_TYPE = YES_ERROR;
				GCC_WARN_UNDECLARED_SELECTOR = YES;
				GCC_WARN_UNINITIALIZED_AUTOS = YES_AGGRESSIVE;
				GCC_WARN_UNUSED_FUNCTION = YES;
				GCC_WARN_UNUSED_VARIABLE = YES;
				IPHONEOS_DEPLOYMENT_TARGET = 18.0;
				LOCALIZATION_PREFERS_STRING_CATALOGS = YES;
				MTL_ENABLE_DEBUG_INFO = INCLUDE_SOURCE;
				MTL_FAST_MATH = YES;
				ONLY_ACTIVE_ARCH = YES;
				SDKROOT = iphoneos;
				SWIFT_ACTIVE_COMPILATION_CONDITIONS = "DEBUG $(inherited)";
				SWIFT_OPTIMIZATION_LEVEL = "-Onone";
			};
			name = Debug;
		};
		62E0122B2D63A8BE0078DD7F /* Release */ = {
			isa = XCBuildConfiguration;
			buildSettings = {
				ALWAYS_SEARCH_USER_PATHS = NO;
				ASSETCATALOG_COMPILER_GENERATE_SWIFT_ASSET_SYMBOL_EXTENSIONS = YES;
				CLANG_ANALYZER_NONNULL = YES;
				CLANG_ANALYZER_NUMBER_OBJECT_CONVERSION = YES_AGGRESSIVE;
				CLANG_CXX_LANGUAGE_STANDARD = "gnu++20";
				CLANG_ENABLE_MODULES = YES;
				CLANG_ENABLE_OBJC_ARC = YES;
				CLANG_ENABLE_OBJC_WEAK = YES;
				CLANG_WARN_BLOCK_CAPTURE_AUTORELEASING = YES;
				CLANG_WARN_BOOL_CONVERSION = YES;
				CLANG_WARN_COMMA = YES;
				CLANG_WARN_CONSTANT_CONVERSION = YES;
				CLANG_WARN_DEPRECATED_OBJC_IMPLEMENTATIONS = YES;
				CLANG_WARN_DIRECT_OBJC_ISA_USAGE = YES_ERROR;
				CLANG_WARN_DOCUMENTATION_COMMENTS = YES;
				CLANG_WARN_EMPTY_BODY = YES;
				CLANG_WARN_ENUM_CONVERSION = YES;
				CLANG_WARN_INFINITE_RECURSION = YES;
				CLANG_WARN_INT_CONVERSION = YES;
				CLANG_WARN_NON_LITERAL_NULL_CONVERSION = YES;
				CLANG_WARN_OBJC_IMPLICIT_RETAIN_SELF = YES;
				CLANG_WARN_OBJC_LITERAL_CONVERSION = YES;
				CLANG_WARN_OBJC_ROOT_CLASS = YES_ERROR;
				CLANG_WARN_QUOTED_INCLUDE_IN_FRAMEWORK_HEADER = YES;
				CLANG_WARN_RANGE_LOOP_ANALYSIS = YES;
				CLANG_WARN_STRICT_PROTOTYPES = YES;
				CLANG_WARN_SUSPICIOUS_MOVE = YES;
				CLANG_WARN_UNGUARDED_AVAILABILITY = YES_AGGRESSIVE;
				CLANG_WARN_UNREACHABLE_CODE = YES;
				CLANG_WARN__DUPLICATE_METHOD_MATCH = YES;
				COPY_PHASE_STRIP = NO;
				DEBUG_INFORMATION_FORMAT = "dwarf-with-dsym";
				ENABLE_NS_ASSERTIONS = NO;
				ENABLE_STRICT_OBJC_MSGSEND = YES;
				ENABLE_USER_SCRIPT_SANDBOXING = YES;
				GCC_C_LANGUAGE_STANDARD = gnu17;
				GCC_NO_COMMON_BLOCKS = YES;
				GCC_WARN_64_TO_32_BIT_CONVERSION = YES;
				GCC_WARN_ABOUT_RETURN_TYPE = YES_ERROR;
				GCC_WARN_UNDECLARED_SELECTOR = YES;
				GCC_WARN_UNINITIALIZED_AUTOS = YES_AGGRESSIVE;
				GCC_WARN_UNUSED_FUNCTION = YES;
				GCC_WARN_UNUSED_VARIABLE = YES;
				IPHONEOS_DEPLOYMENT_TARGET = 18.0;
				LOCALIZATION_PREFERS_STRING_CATALOGS = YES;
				MTL_ENABLE_DEBUG_INFO = NO;
				MTL_FAST_MATH = YES;
				SDKROOT = iphoneos;
				SWIFT_COMPILATION_MODE = wholemodule;
				VALIDATE_PRODUCT = YES;
			};
			name = Release;
		};
		62E0122D2D63A8BE0078DD7F /* Debug */ = {
			isa = XCBuildConfiguration;
			buildSettings = {
				ASSETCATALOG_COMPILER_APPICON_NAME = AppIcon;
				ASSETCATALOG_COMPILER_GLOBAL_ACCENT_COLOR_NAME = AccentColor;
				CODE_SIGN_ENTITLEMENTS = "Bible Reading Plan/Bible Reading Plan.entitlements";
				CODE_SIGN_STYLE = Automatic;
				CURRENT_PROJECT_VERSION = 1;
				DEVELOPMENT_ASSET_PATHS = "\"Bible Reading Plan/Preview Content\"";
				DEVELOPMENT_TEAM = MVM4SNA9YU;
				ENABLE_PREVIEWS = YES;
				GENERATE_INFOPLIST_FILE = YES;
				INFOPLIST_FILE = "Bible-Reading-Plan-Info.plist";
				INFOPLIST_KEY_UIApplicationSceneManifest_Generation = YES;
				INFOPLIST_KEY_UIApplicationSupportsIndirectInputEvents = YES;
				INFOPLIST_KEY_UILaunchScreen_Generation = YES;
				INFOPLIST_KEY_UISupportedInterfaceOrientations_iPad = "UIInterfaceOrientationPortrait UIInterfaceOrientationPortraitUpsideDown UIInterfaceOrientationLandscapeLeft UIInterfaceOrientationLandscapeRight";
				INFOPLIST_KEY_UISupportedInterfaceOrientations_iPhone = "UIInterfaceOrientationPortrait UIInterfaceOrientationLandscapeLeft UIInterfaceOrientationLandscapeRight";
				IPHONEOS_DEPLOYMENT_TARGET = 18.2;
				LD_RUNPATH_SEARCH_PATHS = (
					"$(inherited)",
					"@executable_path/Frameworks",
				);
				MARKETING_VERSION = 2.0;
				PRODUCT_BUNDLE_IDENTIFIER = "mattgreat.house.Bible-Reading-Plan";
				PRODUCT_NAME = "$(TARGET_NAME)";
				SWIFT_EMIT_LOC_STRINGS = YES;
				SWIFT_VERSION = 5.0;
				TARGETED_DEVICE_FAMILY = "1,2";
			};
			name = Debug;
		};
		62E0122E2D63A8BE0078DD7F /* Release */ = {
			isa = XCBuildConfiguration;
			buildSettings = {
				ASSETCATALOG_COMPILER_APPICON_NAME = AppIcon;
				ASSETCATALOG_COMPILER_GLOBAL_ACCENT_COLOR_NAME = AccentColor;
				CODE_SIGN_ENTITLEMENTS = "Bible Reading Plan/Bible Reading Plan.entitlements";
				CODE_SIGN_STYLE = Automatic;
				CURRENT_PROJECT_VERSION = 1;
				DEVELOPMENT_ASSET_PATHS = "\"Bible Reading Plan/Preview Content\"";
				DEVELOPMENT_TEAM = MVM4SNA9YU;
				ENABLE_PREVIEWS = YES;
				GENERATE_INFOPLIST_FILE = YES;
				INFOPLIST_FILE = "Bible-Reading-Plan-Info.plist";
				INFOPLIST_KEY_UIApplicationSceneManifest_Generation = YES;
				INFOPLIST_KEY_UIApplicationSupportsIndirectInputEvents = YES;
				INFOPLIST_KEY_UILaunchScreen_Generation = YES;
				INFOPLIST_KEY_UISupportedInterfaceOrientations_iPad = "UIInterfaceOrientationPortrait UIInterfaceOrientationPortraitUpsideDown UIInterfaceOrientationLandscapeLeft UIInterfaceOrientationLandscapeRight";
				INFOPLIST_KEY_UISupportedInterfaceOrientations_iPhone = "UIInterfaceOrientationPortrait UIInterfaceOrientationLandscapeLeft UIInterfaceOrientationLandscapeRight";
				IPHONEOS_DEPLOYMENT_TARGET = 18.2;
				LD_RUNPATH_SEARCH_PATHS = (
					"$(inherited)",
					"@executable_path/Frameworks",
				);
				MARKETING_VERSION = 2.0;
				PRODUCT_BUNDLE_IDENTIFIER = "mattgreat.house.Bible-Reading-Plan";
				PRODUCT_NAME = "$(TARGET_NAME)";
				SWIFT_EMIT_LOC_STRINGS = YES;
				SWIFT_VERSION = 5.0;
				TARGETED_DEVICE_FAMILY = "1,2";
			};
			name = Release;
		};
		62E012302D63A8BE0078DD7F /* Debug */ = {
			isa = XCBuildConfiguration;
			buildSettings = {
				BUNDLE_LOADER = "$(TEST_HOST)";
				CODE_SIGN_STYLE = Automatic;
				CURRENT_PROJECT_VERSION = 1;
				DEVELOPMENT_TEAM = MVM4SNA9YU;
				GENERATE_INFOPLIST_FILE = YES;
				IPHONEOS_DEPLOYMENT_TARGET = 18.2;
				MARKETING_VERSION = 1.0;
				PRODUCT_BUNDLE_IDENTIFIER = "mattgreat.house.Bible-Reading-PlanTests";
				PRODUCT_NAME = "$(TARGET_NAME)";
				SWIFT_EMIT_LOC_STRINGS = NO;
				SWIFT_VERSION = 5.0;
				TARGETED_DEVICE_FAMILY = "1,2";
				TEST_HOST = "$(BUILT_PRODUCTS_DIR)/Bible Reading Plan.app/$(BUNDLE_EXECUTABLE_FOLDER_PATH)/Bible Reading Plan";
			};
			name = Debug;
		};
		62E012312D63A8BE0078DD7F /* Release */ = {
			isa = XCBuildConfiguration;
			buildSettings = {
				BUNDLE_LOADER = "$(TEST_HOST)";
				CODE_SIGN_STYLE = Automatic;
				CURRENT_PROJECT_VERSION = 1;
				DEVELOPMENT_TEAM = MVM4SNA9YU;
				GENERATE_INFOPLIST_FILE = YES;
				IPHONEOS_DEPLOYMENT_TARGET = 18.2;
				MARKETING_VERSION = 1.0;
				PRODUCT_BUNDLE_IDENTIFIER = "mattgreat.house.Bible-Reading-PlanTests";
				PRODUCT_NAME = "$(TARGET_NAME)";
				SWIFT_EMIT_LOC_STRINGS = NO;
				SWIFT_VERSION = 5.0;
				TARGETED_DEVICE_FAMILY = "1,2";
				TEST_HOST = "$(BUILT_PRODUCTS_DIR)/Bible Reading Plan.app/$(BUNDLE_EXECUTABLE_FOLDER_PATH)/Bible Reading Plan";
			};
			name = Release;
		};
		62E012332D63A8BE0078DD7F /* Debug */ = {
			isa = XCBuildConfiguration;
			buildSettings = {
				CODE_SIGN_STYLE = Automatic;
				CURRENT_PROJECT_VERSION = 1;
				DEVELOPMENT_TEAM = MVM4SNA9YU;
				GENERATE_INFOPLIST_FILE = YES;
				IPHONEOS_DEPLOYMENT_TARGET = 18.2;
				MARKETING_VERSION = 1.0;
				PRODUCT_BUNDLE_IDENTIFIER = "mattgreat.house.Bible-Reading-PlanUITests";
				PRODUCT_NAME = "$(TARGET_NAME)";
				SWIFT_EMIT_LOC_STRINGS = NO;
				SWIFT_VERSION = 5.0;
				TARGETED_DEVICE_FAMILY = "1,2";
				TEST_TARGET_NAME = "Bible Reading Plan";
			};
			name = Debug;
		};
		62E012342D63A8BE0078DD7F /* Release */ = {
			isa = XCBuildConfiguration;
			buildSettings = {
				CODE_SIGN_STYLE = Automatic;
				CURRENT_PROJECT_VERSION = 1;
				DEVELOPMENT_TEAM = MVM4SNA9YU;
				GENERATE_INFOPLIST_FILE = YES;
				IPHONEOS_DEPLOYMENT_TARGET = 18.2;
				MARKETING_VERSION = 1.0;
				PRODUCT_BUNDLE_IDENTIFIER = "mattgreat.house.Bible-Reading-PlanUITests";
				PRODUCT_NAME = "$(TARGET_NAME)";
				SWIFT_EMIT_LOC_STRINGS = NO;
				SWIFT_VERSION = 5.0;
				TARGETED_DEVICE_FAMILY = "1,2";
				TEST_TARGET_NAME = "Bible Reading Plan";
			};
			name = Release;
		};
/* End XCBuildConfiguration section */

/* Begin XCConfigurationList section */
		62D89CE62D63C51C005A19A4 /* Build configuration list for PBXNativeTarget "Bible Reading Plan WidgetExtension" */ = {
			isa = XCConfigurationList;
			buildConfigurations = (
				62D89CE72D63C51C005A19A4 /* Debug */,
				62D89CE82D63C51C005A19A4 /* Release */,
			);
			defaultConfigurationIsVisible = 0;
			defaultConfigurationName = Release;
		};
		62E012032D63A8BC0078DD7F /* Build configuration list for PBXProject "Bible Reading Plan" */ = {
			isa = XCConfigurationList;
			buildConfigurations = (
				62E0122A2D63A8BE0078DD7F /* Debug */,
				62E0122B2D63A8BE0078DD7F /* Release */,
			);
			defaultConfigurationIsVisible = 0;
			defaultConfigurationName = Release;
		};
		62E0122C2D63A8BE0078DD7F /* Build configuration list for PBXNativeTarget "Bible Reading Plan" */ = {
			isa = XCConfigurationList;
			buildConfigurations = (
				62E0122D2D63A8BE0078DD7F /* Debug */,
				62E0122E2D63A8BE0078DD7F /* Release */,
			);
			defaultConfigurationIsVisible = 0;
			defaultConfigurationName = Release;
		};
		62E0122F2D63A8BE0078DD7F /* Build configuration list for PBXNativeTarget "Bible Reading PlanTests" */ = {
			isa = XCConfigurationList;
			buildConfigurations = (
				62E012302D63A8BE0078DD7F /* Debug */,
				62E012312D63A8BE0078DD7F /* Release */,
			);
			defaultConfigurationIsVisible = 0;
			defaultConfigurationName = Release;
		};
		62E012322D63A8BE0078DD7F /* Build configuration list for PBXNativeTarget "Bible Reading PlanUITests" */ = {
			isa = XCConfigurationList;
			buildConfigurations = (
				62E012332D63A8BE0078DD7F /* Debug */,
				62E012342D63A8BE0078DD7F /* Release */,
			);
			defaultConfigurationIsVisible = 0;
			defaultConfigurationName = Release;
		};
/* End XCConfigurationList section */
	};
	rootObject = 62E012002D63A8BC0078DD7F /* Project object */;
}
